
Microsoft Visual Studio Solution File, Format Version 12.00
# Visual Studio Version 17
VisualStudioVersion = 17.0.31903.59
MinimumVisualStudioVersion = 10.0.40219.1
Project("{2150E333-8FDC-42A3-9474-1A3956D46DE8}") = "src", "src", "{827E0CD3-B72D-47B6-A68D-7590B98EB39B}"
EndProject
Project("{2150E333-8FDC-42A3-9474-1A3956D46DE8}") = "Services", "Services", "{984BB9B3-3FA3-BE33-9484-CAC21695A33C}"
EndProject
Project("{2150E333-8FDC-42A3-9474-1A3956D46DE8}") = "OrderService", "OrderService", "{F5625D22-DF6D-6E20-0384-6B2F7CAD8697}"
EndProject
Project("{FAE04EC0-301F-11D3-BF4B-00C04F79EFBC}") = "OrderService.API", "src\Services\OrderService\OrderService.API\OrderService.API.csproj", "{03DD598F-9284-4081-AFD2-6DC3275552CE}"
EndProject
Project("{FAE04EC0-301F-11D3-BF4B-00C04F79EFBC}") = "OrderService.Application", "src\Services\OrderService\OrderService.Application\OrderService.Application.csproj", "{D7697722-46DD-4D92-8F76-2F6B4F64AF2B}"
EndProject
Project("{FAE04EC0-301F-11D3-BF4B-00C04F79EFBC}") = "OrderService.Domain", "src\Services\OrderService\OrderService.Domain\OrderService.Domain.csproj", "{EE728FB3-19D7-4732-920E-4E1BE6AD6A46}"
EndProject
Project("{FAE04EC0-301F-11D3-BF4B-00C04F79EFBC}") = "OrderService.Infrastructure", "src\Services\OrderService\OrderService.Infrastructure\OrderService.Infrastructure.csproj", "{CECFB74B-7B8C-4047-AC1A-25F199E692E9}"
EndProject
Project("{2150E333-8FDC-42A3-9474-1A3956D46DE8}") = "BuildingBlocks", "BuildingBlocks", "{90298CBA-BD6F-3A0A-69D5-97CAD7B05E7E}"
EndProject
Project("{FAE04EC0-301F-11D3-BF4B-00C04F79EFBC}") = "EventBus", "src\BuildingBlocks\EventBus\EventBus.csproj", "{7ABFE5E1-ECC0-4101-8DD2-713B09BA512A}"
EndProject
Project("{FAE04EC0-301F-11D3-BF4B-00C04F79EFBC}") = "SharedKernel", "src\BuildingBlocks\SharedKernel\SharedKernel.csproj", "{CE73BA68-C4AC-45DC-804E-430CC3D75CF5}"
EndProject
Global
	GlobalSection(SolutionConfigurationPlatforms) = preSolution
		Debug|Any CPU = Debug|Any CPU
		Debug|x64 = Debug|x64
		Debug|x86 = Debug|x86
		Release|Any CPU = Release|Any CPU
		Release|x64 = Release|x64
		Release|x86 = Release|x86
	EndGlobalSection
	GlobalSection(ProjectConfigurationPlatforms) = postSolution
		{03DD598F-9284-4081-AFD2-6DC3275552CE}.Debug|Any CPU.ActiveCfg = Debug|Any CPU
		{03DD598F-9284-4081-AFD2-6DC3275552CE}.Debug|Any CPU.Build.0 = Debug|Any CPU
		{03DD598F-9284-4081-AFD2-6DC3275552CE}.Debug|x64.ActiveCfg = Debug|Any CPU
		{03DD598F-9284-4081-AFD2-6DC3275552CE}.Debug|x64.Build.0 = Debug|Any CPU
		{03DD598F-9284-4081-AFD2-6DC3275552CE}.Debug|x86.ActiveCfg = Debug|Any CPU
		{03DD598F-9284-4081-AFD2-6DC3275552CE}.Debug|x86.Build.0 = Debug|Any CPU
		{03DD598F-9284-4081-AFD2-6DC3275552CE}.Release|Any CPU.ActiveCfg = Release|Any CPU
		{03DD598F-9284-4081-AFD2-6DC3275552CE}.Release|Any CPU.Build.0 = Release|Any CPU
		{03DD598F-9284-4081-AFD2-6DC3275552CE}.Release|x64.ActiveCfg = Release|Any CPU
		{03DD598F-9284-4081-AFD2-6DC3275552CE}.Release|x64.Build.0 = Release|Any CPU
		{03DD598F-9284-4081-AFD2-6DC3275552CE}.Release|x86.ActiveCfg = Release|Any CPU
		{03DD598F-9284-4081-AFD2-6DC3275552CE}.Release|x86.Build.0 = Release|Any CPU
		{D7697722-46DD-4D92-8F76-2F6B4F64AF2B}.Debug|Any CPU.ActiveCfg = Debug|Any CPU
		{D7697722-46DD-4D92-8F76-2F6B4F64AF2B}.Debug|Any CPU.Build.0 = Debug|Any CPU
		{D7697722-46DD-4D92-8F76-2F6B4F64AF2B}.Debug|x64.ActiveCfg = Debug|Any CPU
		{D7697722-46DD-4D92-8F76-2F6B4F64AF2B}.Debug|x64.Build.0 = Debug|Any CPU
		{D7697722-46DD-4D92-8F76-2F6B4F64AF2B}.Debug|x86.ActiveCfg = Debug|Any CPU
		{D7697722-46DD-4D92-8F76-2F6B4F64AF2B}.Debug|x86.Build.0 = Debug|Any CPU
		{D7697722-46DD-4D92-8F76-2F6B4F64AF2B}.Release|Any CPU.ActiveCfg = Release|Any CPU
		{D7697722-46DD-4D92-8F76-2F6B4F64AF2B}.Release|Any CPU.Build.0 = Release|Any CPU
		{D7697722-46DD-4D92-8F76-2F6B4F64AF2B}.Release|x64.ActiveCfg = Release|Any CPU
		{D7697722-46DD-4D92-8F76-2F6B4F64AF2B}.Release|x64.Build.0 = Release|Any CPU
		{D7697722-46DD-4D92-8F76-2F6B4F64AF2B}.Release|x86.ActiveCfg = Release|Any CPU
		{D7697722-46DD-4D92-8F76-2F6B4F64AF2B}.Release|x86.Build.0 = Release|Any CPU
		{EE728FB3-19D7-4732-920E-4E1BE6AD6A46}.Debug|Any CPU.ActiveCfg = Debug|Any CPU
		{EE728FB3-19D7-4732-920E-4E1BE6AD6A46}.Debug|Any CPU.Build.0 = Debug|Any CPU
		{EE728FB3-19D7-4732-920E-4E1BE6AD6A46}.Debug|x64.ActiveCfg = Debug|Any CPU
		{EE728FB3-19D7-4732-920E-4E1BE6AD6A46}.Debug|x64.Build.0 = Debug|Any CPU
		{EE728FB3-19D7-4732-920E-4E1BE6AD6A46}.Debug|x86.ActiveCfg = Debug|Any CPU
		{EE728FB3-19D7-4732-920E-4E1BE6AD6A46}.Debug|x86.Build.0 = Debug|Any CPU
		{EE728FB3-19D7-4732-920E-4E1BE6AD6A46}.Release|Any CPU.ActiveCfg = Release|Any CPU
		{EE728FB3-19D7-4732-920E-4E1BE6AD6A46}.Release|Any CPU.Build.0 = Release|Any CPU
		{EE728FB3-19D7-4732-920E-4E1BE6AD6A46}.Release|x64.ActiveCfg = Release|Any CPU
		{EE728FB3-19D7-4732-920E-4E1BE6AD6A46}.Release|x64.Build.0 = Release|Any CPU
		{EE728FB3-19D7-4732-920E-4E1BE6AD6A46}.Release|x86.ActiveCfg = Release|Any CPU
		{EE728FB3-19D7-4732-920E-4E1BE6AD6A46}.Release|x86.Build.0 = Release|Any CPU
		{CECFB74B-7B8C-4047-AC1A-25F199E692E9}.Debug|Any CPU.ActiveCfg = Debug|Any CPU
		{CECFB74B-7B8C-4047-AC1A-25F199E692E9}.Debug|Any CPU.Build.0 = Debug|Any CPU
		{CECFB74B-7B8C-4047-AC1A-25F199E692E9}.Debug|x64.ActiveCfg = Debug|Any CPU
		{CECFB74B-7B8C-4047-AC1A-25F199E692E9}.Debug|x64.Build.0 = Debug|Any CPU
		{CECFB74B-7B8C-4047-AC1A-25F199E692E9}.Debug|x86.ActiveCfg = Debug|Any CPU
		{CECFB74B-7B8C-4047-AC1A-25F199E692E9}.Debug|x86.Build.0 = Debug|Any CPU
		{CECFB74B-7B8C-4047-AC1A-25F199E692E9}.Release|Any CPU.ActiveCfg = Release|Any CPU
		{CECFB74B-7B8C-4047-AC1A-25F199E692E9}.Release|Any CPU.Build.0 = Release|Any CPU
		{CECFB74B-7B8C-4047-AC1A-25F199E692E9}.Release|x64.ActiveCfg = Release|Any CPU
		{CECFB74B-7B8C-4047-AC1A-25F199E692E9}.Release|x64.Build.0 = Release|Any CPU
		{CECFB74B-7B8C-4047-AC1A-25F199E692E9}.Release|x86.ActiveCfg = Release|Any CPU
		{CECFB74B-7B8C-4047-AC1A-25F199E692E9}.Release|x86.Build.0 = Release|Any CPU
		{7ABFE5E1-ECC0-4101-8DD2-713B09BA512A}.Debug|Any CPU.ActiveCfg = Debug|Any CPU
		{7ABFE5E1-ECC0-4101-8DD2-713B09BA512A}.Debug|Any CPU.Build.0 = Debug|Any CPU
		{7ABFE5E1-ECC0-4101-8DD2-713B09BA512A}.Debug|x64.ActiveCfg = Debug|Any CPU
		{7ABFE5E1-ECC0-4101-8DD2-713B09BA512A}.Debug|x64.Build.0 = Debug|Any CPU
		{7ABFE5E1-ECC0-4101-8DD2-713B09BA512A}.Debug|x86.ActiveCfg = Debug|Any CPU
		{7ABFE5E1-ECC0-4101-8DD2-713B09BA512A}.Debug|x86.Build.0 = Debug|Any CPU
		{7ABFE5E1-ECC0-4101-8DD2-713B09BA512A}.Release|Any CPU.ActiveCfg = Release|Any CPU
		{7ABFE5E1-ECC0-4101-8DD2-713B09BA512A}.Release|Any CPU.Build.0 = Release|Any CPU
		{7ABFE5E1-ECC0-4101-8DD2-713B09BA512A}.Release|x64.ActiveCfg = Release|Any CPU
		{7ABFE5E1-ECC0-4101-8DD2-713B09BA512A}.Release|x64.Build.0 = Release|Any CPU
		{7ABFE5E1-ECC0-4101-8DD2-713B09BA512A}.Release|x86.ActiveCfg = Release|Any CPU
		{7ABFE5E1-ECC0-4101-8DD2-713B09BA512A}.Release|x86.Build.0 = Release|Any CPU
		{CE73BA68-C4AC-45DC-804E-430CC3D75CF5}.Debug|Any CPU.ActiveCfg = Debug|Any CPU
		{CE73BA68-C4AC-45DC-804E-430CC3D75CF5}.Debug|Any CPU.Build.0 = Debug|Any CPU
		{CE73BA68-C4AC-45DC-804E-430CC3D75CF5}.Debug|x64.ActiveCfg = Debug|Any CPU
		{CE73BA68-C4AC-45DC-804E-430CC3D75CF5}.Debug|x64.Build.0 = Debug|Any CPU
		{CE73BA68-C4AC-45DC-804E-430CC3D75CF5}.Debug|x86.ActiveCfg = Debug|Any CPU
		{CE73BA68-C4AC-45DC-804E-430CC3D75CF5}.Debug|x86.Build.0 = Debug|Any CPU
		{CE73BA68-C4AC-45DC-804E-430CC3D75CF5}.Release|Any CPU.ActiveCfg = Release|Any CPU
		{CE73BA68-C4AC-45DC-804E-430CC3D75CF5}.Release|Any CPU.Build.0 = Release|Any CPU
		{CE73BA68-C4AC-45DC-804E-430CC3D75CF5}.Release|x64.ActiveCfg = Release|Any CPU
		{CE73BA68-C4AC-45DC-804E-430CC3D75CF5}.Release|x64.Build.0 = Release|Any CPU
		{CE73BA68-C4AC-45DC-804E-430CC3D75CF5}.Release|x86.ActiveCfg = Release|Any CPU
		{CE73BA68-C4AC-45DC-804E-430CC3D75CF5}.Release|x86.Build.0 = Release|Any CPU
	EndGlobalSection
	GlobalSection(SolutionProperties) = preSolution
		HideSolutionNode = FALSE
	EndGlobalSection
	GlobalSection(NestedProjects) = preSolution
		{984BB9B3-3FA3-BE33-9484-CAC21695A33C} = {827E0CD3-B72D-47B6-A68D-7590B98EB39B}
		{F5625D22-DF6D-6E20-0384-6B2F7CAD8697} = {984BB9B3-3FA3-BE33-9484-CAC21695A33C}
		{03DD598F-9284-4081-AFD2-6DC3275552CE} = {F5625D22-DF6D-6E20-0384-6B2F7CAD8697}
		{D7697722-46DD-4D92-8F76-2F6B4F64AF2B} = {F5625D22-DF6D-6E20-0384-6B2F7CAD8697}
		{EE728FB3-19D7-4732-920E-4E1BE6AD6A46} = {F5625D22-DF6D-6E20-0384-6B2F7CAD8697}
		{CECFB74B-7B8C-4047-AC1A-25F199E692E9} = {F5625D22-DF6D-6E20-0384-6B2F7CAD8697}
		{90298CBA-BD6F-3A0A-69D5-97CAD7B05E7E} = {827E0CD3-B72D-47B6-A68D-7590B98EB39B}
		{7ABFE5E1-ECC0-4101-8DD2-713B09BA512A} = {90298CBA-BD6F-3A0A-69D5-97CAD7B05E7E}
		{CE73BA68-C4AC-45DC-804E-430CC3D75CF5} = {90298CBA-BD6F-3A0A-69D5-97CAD7B05E7E}
	EndGlobalSection
EndGlobal
